{
  "name": "-part",
  "version": "1.0.0",
  "lockfileVersion": 1,
  "requires": true,
  "dependencies": {
    "@vant/weapp": {
      "version": "1.4.4",
      "resolved": "https://registry.npm.taobao.org/@vant/weapp/download/@vant/weapp-1.4.4.tgz?cache=0&sync_timestamp=1597222059321&other_urls=https%3A%2F%2Fregistry.npm.taobao.org%2F%40vant%2Fweapp%2Fdownload%2F%40vant%2Fweapp-1.4.4.tgz",
      "integrity": "sha1-wdoE+qvvQM0Pvm9RZNSoJw1FYbM="
    },
    "lin-ui": {
      "version": "0.8.8",
      "resolved": "https://registry.npm.taobao.org/lin-ui/download/lin-ui-0.8.8.tgz",
      "integrity": "sha1-aX4lDKYfC3aPm6e4I2dnrkcou+s="
    },
    "miniprogram-recycle-view": {
      "version": "0.1.5",
      "resolved": "https://registry.npm.taobao.org/miniprogram-recycle-view/download/miniprogram-recycle-view-0.1.5.tgz",
      "integrity": "sha1-hUwv4N9jwhZfc5yOBEaqNapsfXg="
    },
    "weui-miniprogram": {
      "version": "1.0.4",
      "resolved": "https://registry.npm.taobao.org/weui-miniprogram/download/weui-miniprogram-1.0.4.tgz",
      "integrity": "sha1-N5u1aXDI/YSoMEJDPkX+8yk5dzM="
    }
  }
}
